// !$*UTF8*$!
{
	archiveVersion = 1;
	classes = {
	};
	objectVersion = 55;
	objects = {

/* Begin PBXBuildFile section */
		5D0FF19E284FA5B3002ABAB2 /* Test.swift in Sources */ = {isa = PBXBuildFile; fileRef = 5D0FF19D284FA5B3002ABAB2 /* Test.swift */; };
		5D0FF1A0284FA726002ABAB2 /* Test2.swift in Sources */ = {isa = PBXBuildFile; fileRef = 5D0FF19F284FA726002ABAB2 /* Test2.swift */; };
		5D0FF1A2284FB0B4002ABAB2 /* Recorder.swift in Sources */ = {isa = PBXBuildFile; fileRef = 5D0FF1A1284FB0B4002ABAB2 /* Recorder.swift */; };
		5D23E62B284421AB0003BAD3 /* AppDelegate.swift in Sources */ = {isa = PBXBuildFile; fileRef = 5D23E62A284421AB0003BAD3 /* AppDelegate.swift */; };
		5D23E62D284421AB0003BAD3 /* ContentView.swift in Sources */ = {isa = PBXBuildFile; fileRef = 5D23E62C284421AB0003BAD3 /* ContentView.swift */; };
		5D23E62F284421AB0003BAD3 /* Experience.rcproject in Sources */ = {isa = PBXBuildFile; fileRef = 5D23E62E284421AB0003BAD3 /* Experience.rcproject */; };
		5D23E631284421AD0003BAD3 /* Assets.xcassets in Resources */ = {isa = PBXBuildFile; fileRef = 5D23E630284421AD0003BAD3 /* Assets.xcassets */; };
		5D23E634284421AD0003BAD3 /* Preview Assets.xcassets in Resources */ = {isa = PBXBuildFile; fileRef = 5D23E633284421AD0003BAD3 /* Preview Assets.xcassets */; };
		5D23E63C284557F20003BAD3 /* robot.usdz in Resources */ = {isa = PBXBuildFile; fileRef = 5D23E63B284557F20003BAD3 /* robot.usdz */; };
		5D23E6412846D4900003BAD3 /* UserDefaultsTemporary.swift in Sources */ = {isa = PBXBuildFile; fileRef = 5D23E6402846D4900003BAD3 /* UserDefaultsTemporary.swift */; };
		5D23E643284800C40003BAD3 /* Frame.swift in Sources */ = {isa = PBXBuildFile; fileRef = 5D23E642284800C40003BAD3 /* Frame.swift */; };
		5D23E647284A67CF0003BAD3 /* Exercise.swift in Sources */ = {isa = PBXBuildFile; fileRef = 5D23E646284A67CF0003BAD3 /* Exercise.swift */; };
		5D23E64A284CDCD70003BAD3 /* ARSkeletonJoint.swift in Sources */ = {isa = PBXBuildFile; fileRef = 5D23E649284CDCD70003BAD3 /* ARSkeletonJoint.swift */; };
		5D23E64C284CDD630003BAD3 /* GlobalConstants.swift in Sources */ = {isa = PBXBuildFile; fileRef = 5D23E64B284CDD630003BAD3 /* GlobalConstants.swift */; };
		5D23E651284D2E050003BAD3 /* IterationResults.swift in Sources */ = {isa = PBXBuildFile; fileRef = 5D23E650284D2E040003BAD3 /* IterationResults.swift */; };
		5D23E653284D4AF90003BAD3 /* HomeView.swift in Sources */ = {isa = PBXBuildFile; fileRef = 5D23E652284D4AF90003BAD3 /* HomeView.swift */; };
		5D23E655284D4D2D0003BAD3 /* NavigationBar.swift in Sources */ = {isa = PBXBuildFile; fileRef = 5D23E654284D4D2D0003BAD3 /* NavigationBar.swift */; };
		5D23E657284D4D780003BAD3 /* AppModel.swift in Sources */ = {isa = PBXBuildFile; fileRef = 5D23E656284D4D780003BAD3 /* AppModel.swift */; };
		5D23E65A284D530E0003BAD3 /* PreferenceKey.swift in Sources */ = {isa = PBXBuildFile; fileRef = 5D23E659284D530E0003BAD3 /* PreferenceKey.swift */; };
		5D23E65C284D54780003BAD3 /* ExerciseItem.swift in Sources */ = {isa = PBXBuildFile; fileRef = 5D23E65B284D54780003BAD3 /* ExerciseItem.swift */; };
		5D23E65E284D55350003BAD3 /* Animations.swift in Sources */ = {isa = PBXBuildFile; fileRef = 5D23E65D284D55350003BAD3 /* Animations.swift */; };
		5D23E660284D561B0003BAD3 /* SportHumanView.swift in Sources */ = {isa = PBXBuildFile; fileRef = 5D23E65F284D561B0003BAD3 /* SportHumanView.swift */; };
		5D23E662284D56660003BAD3 /* Modifiers.swift in Sources */ = {isa = PBXBuildFile; fileRef = 5D23E661284D56660003BAD3 /* Modifiers.swift */; };
		5D23E664284D58200003BAD3 /* ExerciseView.swift in Sources */ = {isa = PBXBuildFile; fileRef = 5D23E663284D58200003BAD3 /* ExerciseView.swift */; };
		5D23E666284D59130003BAD3 /* CloseButton.swift in Sources */ = {isa = PBXBuildFile; fileRef = 5D23E665284D59130003BAD3 /* CloseButton.swift */; };
		5D23E668284D593B0003BAD3 /* PlayButton.swift in Sources */ = {isa = PBXBuildFile; fileRef = 5D23E667284D593B0003BAD3 /* PlayButton.swift */; };
		5D23E66B284D59D20003BAD3 /* CircularView.swift in Sources */ = {isa = PBXBuildFile; fileRef = 5D23E66A284D59D20003BAD3 /* CircularView.swift */; };
		5D23E66E284D5A200003BAD3 /* ColorExtension.swift in Sources */ = {isa = PBXBuildFile; fileRef = 5D23E66D284D5A200003BAD3 /* ColorExtension.swift */; };
		5D23E670284D5FC20003BAD3 /* AnimatableFontModifier.swift in Sources */ = {isa = PBXBuildFile; fileRef = 5D23E66F284D5FC20003BAD3 /* AnimatableFontModifier.swift */; };
		5D23E672284D77FB0003BAD3 /* AddButton.swift in Sources */ = {isa = PBXBuildFile; fileRef = 5D23E671284D77FB0003BAD3 /* AddButton.swift */; };
		5D23E674284D795B0003BAD3 /* AddExerciseView.swift in Sources */ = {isa = PBXBuildFile; fileRef = 5D23E673284D795B0003BAD3 /* AddExerciseView.swift */; };
		5D23E676284E0D700003BAD3 /* TrainingResultView.swift in Sources */ = {isa = PBXBuildFile; fileRef = 5D23E675284E0D700003BAD3 /* TrainingResultView.swift */; };
		5D23E678284E0DC50003BAD3 /* Training.swift in Sources */ = {isa = PBXBuildFile; fileRef = 5D23E677284E0DC50003BAD3 /* Training.swift */; };
		5D23E67A284E13260003BAD3 /* IterationRow.swift in Sources */ = {isa = PBXBuildFile; fileRef = 5D23E679284E13260003BAD3 /* IterationRow.swift */; };
		5D23E67D284E2FBA0003BAD3 /* ARTrainingOverlayView.swift in Sources */ = {isa = PBXBuildFile; fileRef = 5D23E67C284E2FBA0003BAD3 /* ARTrainingOverlayView.swift */; };
		5D23E67F284E30210003BAD3 /* PlayPauseButton.swift in Sources */ = {isa = PBXBuildFile; fileRef = 5D23E67E284E30210003BAD3 /* PlayPauseButton.swift */; };
		5D23E681284E3EAD0003BAD3 /* ARRecordingOverlayView.swift in Sources */ = {isa = PBXBuildFile; fileRef = 5D23E680284E3EAD0003BAD3 /* ARRecordingOverlayView.swift */; };
		5D23E685284E41940003BAD3 /* ARTrainingView.swift in Sources */ = {isa = PBXBuildFile; fileRef = 5D23E684284E41940003BAD3 /* ARTrainingView.swift */; };
		5D23E687284E41A30003BAD3 /* ARRecordingView.swift in Sources */ = {isa = PBXBuildFile; fileRef = 5D23E686284E41A30003BAD3 /* ARRecordingView.swift */; };
		5D23E689284E42E30003BAD3 /* ProcessingARDataExtension.swift in Sources */ = {isa = PBXBuildFile; fileRef = 5D23E688284E42E30003BAD3 /* ProcessingARDataExtension.swift */; };
		5D23E68C284E46C10003BAD3 /* ARTrackingViewContainer.swift in Sources */ = {isa = PBXBuildFile; fileRef = 5D23E68B284E46C10003BAD3 /* ARTrackingViewContainer.swift */; };
		5D23E68E284E482E0003BAD3 /* CurrentResults.swift in Sources */ = {isa = PBXBuildFile; fileRef = 5D23E68D284E482E0003BAD3 /* CurrentResults.swift */; };
		5D23E690284E4B260003BAD3 /* UINavigationControllerExtension.swift in Sources */ = {isa = PBXBuildFile; fileRef = 5D23E68F284E4B260003BAD3 /* UINavigationControllerExtension.swift */; };
		5D23E694284EA6400003BAD3 /* ARRecordingViewContainer.swift in Sources */ = {isa = PBXBuildFile; fileRef = 5D23E693284EA6400003BAD3 /* ARRecordingViewContainer.swift */; };
		5D23E696284EAE3A0003BAD3 /* RecordingData.swift in Sources */ = {isa = PBXBuildFile; fileRef = 5D23E695284EAE3A0003BAD3 /* RecordingData.swift */; };
		5D23E698284EB6320003BAD3 /* GoogleService-Info.plist in Resources */ = {isa = PBXBuildFile; fileRef = 5D23E697284EB6320003BAD3 /* GoogleService-Info.plist */; };
		5D23E69B284EB7570003BAD3 /* FirebaseAnalyticsWithoutAdIdSupport in Frameworks */ = {isa = PBXBuildFile; productRef = 5D23E69A284EB7570003BAD3 /* FirebaseAnalyticsWithoutAdIdSupport */; };
		5D23E69D284EB7570003BAD3 /* FirebaseFirestoreCombine-Community in Frameworks */ = {isa = PBXBuildFile; productRef = 5D23E69C284EB7570003BAD3 /* FirebaseFirestoreCombine-Community */; };
		5D23E69F284EB7570003BAD3 /* FirebaseStorageCombine-Community in Frameworks */ = {isa = PBXBuildFile; productRef = 5D23E69E284EB7570003BAD3 /* FirebaseStorageCombine-Community */; };
		5D23E6A2284EC2A20003BAD3 /* FirestoreClient.swift in Sources */ = {isa = PBXBuildFile; fileRef = 5D23E6A1284EC2A20003BAD3 /* FirestoreClient.swift */; };
		5DF6563028500AC20091C64E /* SDWebImageSwiftUI in Frameworks */ = {isa = PBXBuildFile; productRef = 5DF6562F28500AC20091C64E /* SDWebImageSwiftUI */; };
/* End PBXBuildFile section */

/* Begin PBXFileReference section */
		5D0FF19D284FA5B3002ABAB2 /* Test.swift */ = {isa = PBXFileReference; lastKnownFileType = sourcecode.swift; path = Test.swift; sourceTree = "<group>"; };
		5D0FF19F284FA726002ABAB2 /* Test2.swift */ = {isa = PBXFileReference; lastKnownFileType = sourcecode.swift; path = Test2.swift; sourceTree = "<group>"; };
		5D0FF1A1284FB0B4002ABAB2 /* Recorder.swift */ = {isa = PBXFileReference; lastKnownFileType = sourcecode.swift; path = Recorder.swift; sourceTree = "<group>"; };
		5D23E627284421AB0003BAD3 /* VirtualTrainer.app */ = {isa = PBXFileReference; explicitFileType = wrapper.application; includeInIndex = 0; path = VirtualTrainer.app; sourceTree = BUILT_PRODUCTS_DIR; };
		5D23E62A284421AB0003BAD3 /* AppDelegate.swift */ = {isa = PBXFileReference; lastKnownFileType = sourcecode.swift; path = AppDelegate.swift; sourceTree = "<group>"; };
		5D23E62C284421AB0003BAD3 /* ContentView.swift */ = {isa = PBXFileReference; lastKnownFileType = sourcecode.swift; path = ContentView.swift; sourceTree = "<group>"; };
		5D23E62E284421AB0003BAD3 /* Experience.rcproject */ = {isa = PBXFileReference; lastKnownFileType = file.rcproject; path = Experience.rcproject; sourceTree = "<group>"; };
		5D23E630284421AD0003BAD3 /* Assets.xcassets */ = {isa = PBXFileReference; lastKnownFileType = folder.assetcatalog; path = Assets.xcassets; sourceTree = "<group>"; };
		5D23E633284421AD0003BAD3 /* Preview Assets.xcassets */ = {isa = PBXFileReference; lastKnownFileType = folder.assetcatalog; path = "Preview Assets.xcassets"; sourceTree = "<group>"; };
		5D23E63B284557F20003BAD3 /* robot.usdz */ = {isa = PBXFileReference; lastKnownFileType = file.usdz; path = robot.usdz; sourceTree = "<group>"; };
		5D23E63E2846A5B20003BAD3 /* AR Session 1.mov */ = {isa = PBXFileReference; lastKnownFileType = video.quicktime; path = "AR Session 1.mov"; sourceTree = "<group>"; };
		5D23E63F2846C4D20003BAD3 /* AR Session 2.mov */ = {isa = PBXFileReference; lastKnownFileType = video.quicktime; path = "AR Session 2.mov"; sourceTree = "<group>"; };
		5D23E6402846D4900003BAD3 /* UserDefaultsTemporary.swift */ = {isa = PBXFileReference; lastKnownFileType = sourcecode.swift; path = UserDefaultsTemporary.swift; sourceTree = "<group>"; };
		5D23E642284800C40003BAD3 /* Frame.swift */ = {isa = PBXFileReference; lastKnownFileType = sourcecode.swift; path = Frame.swift; sourceTree = "<group>"; };
		5D23E646284A67CF0003BAD3 /* Exercise.swift */ = {isa = PBXFileReference; lastKnownFileType = sourcecode.swift; path = Exercise.swift; sourceTree = "<group>"; };
		5D23E648284C08650003BAD3 /* AR Session 3.mov */ = {isa = PBXFileReference; lastKnownFileType = video.quicktime; path = "AR Session 3.mov"; sourceTree = "<group>"; };
		5D23E649284CDCD70003BAD3 /* ARSkeletonJoint.swift */ = {isa = PBXFileReference; lastKnownFileType = sourcecode.swift; path = ARSkeletonJoint.swift; sourceTree = "<group>"; };
		5D23E64B284CDD630003BAD3 /* GlobalConstants.swift */ = {isa = PBXFileReference; lastKnownFileType = sourcecode.swift; path = GlobalConstants.swift; sourceTree = "<group>"; };
		5D23E64D284D06970003BAD3 /* AR Session 5.mov */ = {isa = PBXFileReference; lastKnownFileType = video.quicktime; path = "AR Session 5.mov"; sourceTree = "<group>"; };
		5D23E64E284D069E0003BAD3 /* AR Session 4.mov */ = {isa = PBXFileReference; lastKnownFileType = video.quicktime; path = "AR Session 4.mov"; sourceTree = "<group>"; };
		5D23E64F284D1E9C0003BAD3 /* AR Session 7.mov */ = {isa = PBXFileReference; lastKnownFileType = video.quicktime; path = "AR Session 7.mov"; sourceTree = "<group>"; };
		5D23E650284D2E040003BAD3 /* IterationResults.swift */ = {isa = PBXFileReference; lastKnownFileType = sourcecode.swift; path = IterationResults.swift; sourceTree = "<group>"; };
		5D23E652284D4AF90003BAD3 /* HomeView.swift */ = {isa = PBXFileReference; lastKnownFileType = sourcecode.swift; path = HomeView.swift; sourceTree = "<group>"; };
		5D23E654284D4D2D0003BAD3 /* NavigationBar.swift */ = {isa = PBXFileReference; lastKnownFileType = sourcecode.swift; path = NavigationBar.swift; sourceTree = "<group>"; };
		5D23E656284D4D780003BAD3 /* AppModel.swift */ = {isa = PBXFileReference; lastKnownFileType = sourcecode.swift; path = AppModel.swift; sourceTree = "<group>"; };
		5D23E659284D530E0003BAD3 /* PreferenceKey.swift */ = {isa = PBXFileReference; lastKnownFileType = sourcecode.swift; path = PreferenceKey.swift; sourceTree = "<group>"; };
		5D23E65B284D54780003BAD3 /* ExerciseItem.swift */ = {isa = PBXFileReference; lastKnownFileType = sourcecode.swift; path = ExerciseItem.swift; sourceTree = "<group>"; };
		5D23E65D284D55350003BAD3 /* Animations.swift */ = {isa = PBXFileReference; lastKnownFileType = sourcecode.swift; path = Animations.swift; sourceTree = "<group>"; };
		5D23E65F284D561B0003BAD3 /* SportHumanView.swift */ = {isa = PBXFileReference; lastKnownFileType = sourcecode.swift; path = SportHumanView.swift; sourceTree = "<group>"; };
		5D23E661284D56660003BAD3 /* Modifiers.swift */ = {isa = PBXFileReference; lastKnownFileType = sourcecode.swift; path = Modifiers.swift; sourceTree = "<group>"; };
		5D23E663284D58200003BAD3 /* ExerciseView.swift */ = {isa = PBXFileReference; lastKnownFileType = sourcecode.swift; path = ExerciseView.swift; sourceTree = "<group>"; };
		5D23E665284D59130003BAD3 /* CloseButton.swift */ = {isa = PBXFileReference; lastKnownFileType = sourcecode.swift; path = CloseButton.swift; sourceTree = "<group>"; };
		5D23E667284D593B0003BAD3 /* PlayButton.swift */ = {isa = PBXFileReference; lastKnownFileType = sourcecode.swift; path = PlayButton.swift; sourceTree = "<group>"; };
		5D23E66A284D59D20003BAD3 /* CircularView.swift */ = {isa = PBXFileReference; lastKnownFileType = sourcecode.swift; path = CircularView.swift; sourceTree = "<group>"; };
		5D23E66D284D5A200003BAD3 /* ColorExtension.swift */ = {isa = PBXFileReference; lastKnownFileType = sourcecode.swift; path = ColorExtension.swift; sourceTree = "<group>"; };
		5D23E66F284D5FC20003BAD3 /* AnimatableFontModifier.swift */ = {isa = PBXFileReference; lastKnownFileType = sourcecode.swift; path = AnimatableFontModifier.swift; sourceTree = "<group>"; };
		5D23E671284D77FB0003BAD3 /* AddButton.swift */ = {isa = PBXFileReference; lastKnownFileType = sourcecode.swift; path = AddButton.swift; sourceTree = "<group>"; };
		5D23E673284D795B0003BAD3 /* AddExerciseView.swift */ = {isa = PBXFileReference; lastKnownFileType = sourcecode.swift; path = AddExerciseView.swift; sourceTree = "<group>"; };
		5D23E675284E0D700003BAD3 /* TrainingResultView.swift */ = {isa = PBXFileReference; lastKnownFileType = sourcecode.swift; path = TrainingResultView.swift; sourceTree = "<group>"; };
		5D23E677284E0DC50003BAD3 /* Training.swift */ = {isa = PBXFileReference; lastKnownFileType = sourcecode.swift; path = Training.swift; sourceTree = "<group>"; };
		5D23E679284E13260003BAD3 /* IterationRow.swift */ = {isa = PBXFileReference; lastKnownFileType = sourcecode.swift; path = IterationRow.swift; sourceTree = "<group>"; };
		5D23E67C284E2FBA0003BAD3 /* ARTrainingOverlayView.swift */ = {isa = PBXFileReference; lastKnownFileType = sourcecode.swift; path = ARTrainingOverlayView.swift; sourceTree = "<group>"; };
		5D23E67E284E30210003BAD3 /* PlayPauseButton.swift */ = {isa = PBXFileReference; lastKnownFileType = sourcecode.swift; path = PlayPauseButton.swift; sourceTree = "<group>"; };
		5D23E680284E3EAD0003BAD3 /* ARRecordingOverlayView.swift */ = {isa = PBXFileReference; lastKnownFileType = sourcecode.swift; path = ARRecordingOverlayView.swift; sourceTree = "<group>"; };
		5D23E684284E41940003BAD3 /* ARTrainingView.swift */ = {isa = PBXFileReference; lastKnownFileType = sourcecode.swift; path = ARTrainingView.swift; sourceTree = "<group>"; };
		5D23E686284E41A30003BAD3 /* ARRecordingView.swift */ = {isa = PBXFileReference; lastKnownFileType = sourcecode.swift; path = ARRecordingView.swift; sourceTree = "<group>"; };
		5D23E688284E42E30003BAD3 /* ProcessingARDataExtension.swift */ = {isa = PBXFileReference; lastKnownFileType = sourcecode.swift; path = ProcessingARDataExtension.swift; sourceTree = "<group>"; };
		5D23E68B284E46C10003BAD3 /* ARTrackingViewContainer.swift */ = {isa = PBXFileReference; lastKnownFileType = sourcecode.swift; path = ARTrackingViewContainer.swift; sourceTree = "<group>"; };
		5D23E68D284E482E0003BAD3 /* CurrentResults.swift */ = {isa = PBXFileReference; lastKnownFileType = sourcecode.swift; path = CurrentResults.swift; sourceTree = "<group>"; };
		5D23E68F284E4B260003BAD3 /* UINavigationControllerExtension.swift */ = {isa = PBXFileReference; lastKnownFileType = sourcecode.swift; path = UINavigationControllerExtension.swift; sourceTree = "<group>"; };
		5D23E693284EA6400003BAD3 /* ARRecordingViewContainer.swift */ = {isa = PBXFileReference; lastKnownFileType = sourcecode.swift; path = ARRecordingViewContainer.swift; sourceTree = "<group>"; };
		5D23E695284EAE3A0003BAD3 /* RecordingData.swift */ = {isa = PBXFileReference; lastKnownFileType = sourcecode.swift; path = RecordingData.swift; sourceTree = "<group>"; };
		5D23E697284EB6320003BAD3 /* GoogleService-Info.plist */ = {isa = PBXFileReference; fileEncoding = 4; lastKnownFileType = text.plist.xml; path = "GoogleService-Info.plist"; sourceTree = "<group>"; };
		5D23E6A1284EC2A20003BAD3 /* FirestoreClient.swift */ = {isa = PBXFileReference; lastKnownFileType = sourcecode.swift; path = FirestoreClient.swift; sourceTree = "<group>"; };
/* End PBXFileReference section */

/* Begin PBXFrameworksBuildPhase section */
		5D23E624284421AB0003BAD3 /* Frameworks */ = {
			isa = PBXFrameworksBuildPhase;
			buildActionMask = 2147483647;
			files = (
				5DF6563028500AC20091C64E /* SDWebImageSwiftUI in Frameworks */,
				5D23E69B284EB7570003BAD3 /* FirebaseAnalyticsWithoutAdIdSupport in Frameworks */,
				5D23E69F284EB7570003BAD3 /* FirebaseStorageCombine-Community in Frameworks */,
				5D23E69D284EB7570003BAD3 /* FirebaseFirestoreCombine-Community in Frameworks */,
			);
			runOnlyForDeploymentPostprocessing = 0;
		};
/* End PBXFrameworksBuildPhase section */

/* Begin PBXGroup section */
		5D23E61E284421AB0003BAD3 = {
			isa = PBXGroup;
			children = (
				5D23E64F284D1E9C0003BAD3 /* AR Session 7.mov */,
				5D23E64E284D069E0003BAD3 /* AR Session 4.mov */,
				5D23E64D284D06970003BAD3 /* AR Session 5.mov */,
				5D23E648284C08650003BAD3 /* AR Session 3.mov */,
				5D23E63F2846C4D20003BAD3 /* AR Session 2.mov */,
				5D23E63E2846A5B20003BAD3 /* AR Session 1.mov */,
				5D23E629284421AB0003BAD3 /* VirtualTrainer */,
				5D23E628284421AB0003BAD3 /* Products */,
			);
			sourceTree = "<group>";
		};
		5D23E628284421AB0003BAD3 /* Products */ = {
			isa = PBXGroup;
			children = (
				5D23E627284421AB0003BAD3 /* VirtualTrainer.app */,
			);
			name = Products;
			sourceTree = "<group>";
		};
		5D23E629284421AB0003BAD3 /* VirtualTrainer */ = {
			isa = PBXGroup;
			children = (
				5D23E6A0284EC1710003BAD3 /* Client */,
				5D23E63A284557B90003BAD3 /* Сharacter */,
				5D23E62A284421AB0003BAD3 /* AppDelegate.swift */,
				5D23E6402846D4900003BAD3 /* UserDefaultsTemporary.swift */,
				5D23E658284D4E0F0003BAD3 /* Views */,
				5D23E66C284D5A0B0003BAD3 /* Extensions */,
				5D23E6442848042B0003BAD3 /* Models */,
				5D23E6452848043C0003BAD3 /* Resources */,
				5D23E62E284421AB0003BAD3 /* Experience.rcproject */,
				5D23E632284421AD0003BAD3 /* Preview Content */,
			);
			path = VirtualTrainer;
			sourceTree = "<group>";
		};
		5D23E632284421AD0003BAD3 /* Preview Content */ = {
			isa = PBXGroup;
			children = (
				5D23E633284421AD0003BAD3 /* Preview Assets.xcassets */,
			);
			path = "Preview Content";
			sourceTree = "<group>";
		};
		5D23E63A284557B90003BAD3 /* Сharacter */ = {
			isa = PBXGroup;
			children = (
				5D23E63B284557F20003BAD3 /* robot.usdz */,
			);
			path = "Сharacter";
			sourceTree = "<group>";
		};
		5D23E6442848042B0003BAD3 /* Models */ = {
			isa = PBXGroup;
			children = (
				5D23E656284D4D780003BAD3 /* AppModel.swift */,
				5D23E649284CDCD70003BAD3 /* ARSkeletonJoint.swift */,
				5D23E646284A67CF0003BAD3 /* Exercise.swift */,
				5D23E642284800C40003BAD3 /* Frame.swift */,
				5D23E64B284CDD630003BAD3 /* GlobalConstants.swift */,
				5D23E650284D2E040003BAD3 /* IterationResults.swift */,
				5D23E659284D530E0003BAD3 /* PreferenceKey.swift */,
				5D23E677284E0DC50003BAD3 /* Training.swift */,
				5D23E68D284E482E0003BAD3 /* CurrentResults.swift */,
				5D23E695284EAE3A0003BAD3 /* RecordingData.swift */,
			);
			path = Models;
			sourceTree = "<group>";
		};
		5D23E6452848043C0003BAD3 /* Resources */ = {
			isa = PBXGroup;
			children = (
				5D23E697284EB6320003BAD3 /* GoogleService-Info.plist */,
				5D23E630284421AD0003BAD3 /* Assets.xcassets */,
			);
			path = Resources;
			sourceTree = "<group>";
		};
		5D23E658284D4E0F0003BAD3 /* Views */ = {
			isa = PBXGroup;
			children = (
				5D23E67B284E2F240003BAD3 /* ARRecording */,
				5D23E68A284E46990003BAD3 /* ARTraining */,
				5D23E669284D59970003BAD3 /* Components */,
				5D23E673284D795B0003BAD3 /* AddExerciseView.swift */,
				5D23E62C284421AB0003BAD3 /* ContentView.swift */,
				5D23E663284D58200003BAD3 /* ExerciseView.swift */,
				5D23E652284D4AF90003BAD3 /* HomeView.swift */,
				5D23E675284E0D700003BAD3 /* TrainingResultView.swift */,
			);
			path = Views;
			sourceTree = "<group>";
		};
		5D23E669284D59970003BAD3 /* Components */ = {
			isa = PBXGroup;
			children = (
				5D23E682284E40930003BAD3 /* Buttons */,
				5D23E683284E40CE0003BAD3 /* Cells */,
				5D23E66F284D5FC20003BAD3 /* AnimatableFontModifier.swift */,
				5D23E65D284D55350003BAD3 /* Animations.swift */,
				5D23E66A284D59D20003BAD3 /* CircularView.swift */,
				5D23E661284D56660003BAD3 /* Modifiers.swift */,
				5D23E654284D4D2D0003BAD3 /* NavigationBar.swift */,
				5D23E65F284D561B0003BAD3 /* SportHumanView.swift */,
			);
			path = Components;
			sourceTree = "<group>";
		};
		5D23E66C284D5A0B0003BAD3 /* Extensions */ = {
			isa = PBXGroup;
			children = (
				5D23E66D284D5A200003BAD3 /* ColorExtension.swift */,
				5D23E688284E42E30003BAD3 /* ProcessingARDataExtension.swift */,
				5D23E68F284E4B260003BAD3 /* UINavigationControllerExtension.swift */,
			);
			path = Extensions;
			sourceTree = "<group>";
		};
		5D23E67B284E2F240003BAD3 /* ARRecording */ = {
			isa = PBXGroup;
			children = (
				5D23E680284E3EAD0003BAD3 /* ARRecordingOverlayView.swift */,
				5D23E686284E41A30003BAD3 /* ARRecordingView.swift */,
				5D23E693284EA6400003BAD3 /* ARRecordingViewContainer.swift */,
				5D0FF19D284FA5B3002ABAB2 /* Test.swift */,
				5D0FF19F284FA726002ABAB2 /* Test2.swift */,
				5D0FF1A1284FB0B4002ABAB2 /* Recorder.swift */,
			);
			path = ARRecording;
			sourceTree = "<group>";
		};
		5D23E682284E40930003BAD3 /* Buttons */ = {
			isa = PBXGroup;
			children = (
				5D23E671284D77FB0003BAD3 /* AddButton.swift */,
				5D23E67E284E30210003BAD3 /* PlayPauseButton.swift */,
				5D23E667284D593B0003BAD3 /* PlayButton.swift */,
				5D23E665284D59130003BAD3 /* CloseButton.swift */,
			);
			path = Buttons;
			sourceTree = "<group>";
		};
		5D23E683284E40CE0003BAD3 /* Cells */ = {
			isa = PBXGroup;
			children = (
				5D23E679284E13260003BAD3 /* IterationRow.swift */,
				5D23E65B284D54780003BAD3 /* ExerciseItem.swift */,
			);
			path = Cells;
			sourceTree = "<group>";
		};
		5D23E68A284E46990003BAD3 /* ARTraining */ = {
			isa = PBXGroup;
			children = (
				5D23E67C284E2FBA0003BAD3 /* ARTrainingOverlayView.swift */,
				5D23E684284E41940003BAD3 /* ARTrainingView.swift */,
				5D23E68B284E46C10003BAD3 /* ARTrackingViewContainer.swift */,
			);
			path = ARTraining;
			sourceTree = "<group>";
		};
		5D23E6A0284EC1710003BAD3 /* Client */ = {
			isa = PBXGroup;
			children = (
				5D23E6A1284EC2A20003BAD3 /* FirestoreClient.swift */,
			);
			path = Client;
			sourceTree = "<group>";
		};
/* End PBXGroup section */

/* Begin PBXNativeTarget section */
		5D23E626284421AB0003BAD3 /* VirtualTrainer */ = {
			isa = PBXNativeTarget;
			buildConfigurationList = 5D23E637284421AD0003BAD3 /* Build configuration list for PBXNativeTarget "VirtualTrainer" */;
			buildPhases = (
				5D23E623284421AB0003BAD3 /* Sources */,
				5D23E624284421AB0003BAD3 /* Frameworks */,
				5D23E625284421AB0003BAD3 /* Resources */,
			);
			buildRules = (
			);
			dependencies = (
			);
			name = VirtualTrainer;
			packageProductDependencies = (
				5D23E69A284EB7570003BAD3 /* FirebaseAnalyticsWithoutAdIdSupport */,
				5D23E69C284EB7570003BAD3 /* FirebaseFirestoreCombine-Community */,
				5D23E69E284EB7570003BAD3 /* FirebaseStorageCombine-Community */,
				5DF6562F28500AC20091C64E /* SDWebImageSwiftUI */,
			);
			productName = VirtualTrainer;
			productReference = 5D23E627284421AB0003BAD3 /* VirtualTrainer.app */;
			productType = "com.apple.product-type.application";
		};
/* End PBXNativeTarget section */

/* Begin PBXProject section */
		5D23E61F284421AB0003BAD3 /* Project object */ = {
			isa = PBXProject;
			attributes = {
				BuildIndependentTargetsInParallel = 1;
				LastSwiftUpdateCheck = 1330;
				LastUpgradeCheck = 1330;
				TargetAttributes = {
					5D23E626284421AB0003BAD3 = {
						CreatedOnToolsVersion = 13.3.1;
					};
				};
			};
			buildConfigurationList = 5D23E622284421AB0003BAD3 /* Build configuration list for PBXProject "VirtualTrainer" */;
			compatibilityVersion = "Xcode 13.0";
			developmentRegion = en;
			hasScannedForEncodings = 0;
			knownRegions = (
				en,
				Base,
			);
			mainGroup = 5D23E61E284421AB0003BAD3;
			packageReferences = (
				5D23E699284EB7570003BAD3 /* XCRemoteSwiftPackageReference "firebase-ios-sdk" */,
				5DF6562E28500AC20091C64E /* XCRemoteSwiftPackageReference "SDWebImageSwiftUI" */,
			);
			productRefGroup = 5D23E628284421AB0003BAD3 /* Products */;
			projectDirPath = "";
			projectRoot = "";
			targets = (
				5D23E626284421AB0003BAD3 /* VirtualTrainer */,
			);
		};
/* End PBXProject section */

/* Begin PBXResourcesBuildPhase section */
		5D23E625284421AB0003BAD3 /* Resources */ = {
			isa = PBXResourcesBuildPhase;
			buildActionMask = 2147483647;
			files = (
				5D23E634284421AD0003BAD3 /* Preview Assets.xcassets in Resources */,
				5D23E63C284557F20003BAD3 /* robot.usdz in Resources */,
				5D23E631284421AD0003BAD3 /* Assets.xcassets in Resources */,
				5D23E698284EB6320003BAD3 /* GoogleService-Info.plist in Resources */,
			);
			runOnlyForDeploymentPostprocessing = 0;
		};
/* End PBXResourcesBuildPhase section */

/* Begin PBXSourcesBuildPhase section */
		5D23E623284421AB0003BAD3 /* Sources */ = {
			isa = PBXSourcesBuildPhase;
			buildActionMask = 2147483647;
			files = (
				5D23E6412846D4900003BAD3 /* UserDefaultsTemporary.swift in Sources */,
				5D23E668284D593B0003BAD3 /* PlayButton.swift in Sources */,
				5D23E6A2284EC2A20003BAD3 /* FirestoreClient.swift in Sources */,
				5D23E62D284421AB0003BAD3 /* ContentView.swift in Sources */,
				5D23E664284D58200003BAD3 /* ExerciseView.swift in Sources */,
				5D23E62B284421AB0003BAD3 /* AppDelegate.swift in Sources */,
				5D23E65C284D54780003BAD3 /* ExerciseItem.swift in Sources */,
				5D23E653284D4AF90003BAD3 /* HomeView.swift in Sources */,
				5D23E651284D2E050003BAD3 /* IterationResults.swift in Sources */,
				5D23E68E284E482E0003BAD3 /* CurrentResults.swift in Sources */,
				5D23E670284D5FC20003BAD3 /* AnimatableFontModifier.swift in Sources */,
				5D23E655284D4D2D0003BAD3 /* NavigationBar.swift in Sources */,
				5D23E66E284D5A200003BAD3 /* ColorExtension.swift in Sources */,
				5D23E676284E0D700003BAD3 /* TrainingResultView.swift in Sources */,
				5D23E62F284421AB0003BAD3 /* Experience.rcproject in Sources */,
				5D23E657284D4D780003BAD3 /* AppModel.swift in Sources */,
				5D23E687284E41A30003BAD3 /* ARRecordingView.swift in Sources */,
				5D23E674284D795B0003BAD3 /* AddExerciseView.swift in Sources */,
				5D23E681284E3EAD0003BAD3 /* ARRecordingOverlayView.swift in Sources */,
				5D23E666284D59130003BAD3 /* CloseButton.swift in Sources */,
				5D23E696284EAE3A0003BAD3 /* RecordingData.swift in Sources */,
				5D23E694284EA6400003BAD3 /* ARRecordingViewContainer.swift in Sources */,
				5D23E643284800C40003BAD3 /* Frame.swift in Sources */,
				5D23E672284D77FB0003BAD3 /* AddButton.swift in Sources */,
				5D23E64A284CDCD70003BAD3 /* ARSkeletonJoint.swift in Sources */,
				5D23E662284D56660003BAD3 /* Modifiers.swift in Sources */,
				5D23E66B284D59D20003BAD3 /* CircularView.swift in Sources */,
				5D23E65E284D55350003BAD3 /* Animations.swift in Sources */,
				5D23E68C284E46C10003BAD3 /* ARTrackingViewContainer.swift in Sources */,
				5D23E67D284E2FBA0003BAD3 /* ARTrainingOverlayView.swift in Sources */,
				5D23E64C284CDD630003BAD3 /* GlobalConstants.swift in Sources */,
				5D23E685284E41940003BAD3 /* ARTrainingView.swift in Sources */,
				5D0FF1A2284FB0B4002ABAB2 /* Recorder.swift in Sources */,
				5D0FF19E284FA5B3002ABAB2 /* Test.swift in Sources */,
				5D23E65A284D530E0003BAD3 /* PreferenceKey.swift in Sources */,
				5D23E690284E4B260003BAD3 /* UINavigationControllerExtension.swift in Sources */,
				5D23E67A284E13260003BAD3 /* IterationRow.swift in Sources */,
				5D0FF1A0284FA726002ABAB2 /* Test2.swift in Sources */,
				5D23E689284E42E30003BAD3 /* ProcessingARDataExtension.swift in Sources */,
				5D23E647284A67CF0003BAD3 /* Exercise.swift in Sources */,
				5D23E678284E0DC50003BAD3 /* Training.swift in Sources */,
				5D23E67F284E30210003BAD3 /* PlayPauseButton.swift in Sources */,
				5D23E660284D561B0003BAD3 /* SportHumanView.swift in Sources */,
			);
			runOnlyForDeploymentPostprocessing = 0;
		};
/* End PBXSourcesBuildPhase section */

/* Begin XCBuildConfiguration section */
		5D23E635284421AD0003BAD3 /* Debug */ = {
			isa = XCBuildConfiguration;
			buildSettings = {
				ALWAYS_SEARCH_USER_PATHS = NO;
				CLANG_ANALYZER_NONNULL = YES;
				CLANG_ANALYZER_NUMBER_OBJECT_CONVERSION = YES_AGGRESSIVE;
				CLANG_CXX_LANGUAGE_STANDARD = "gnu++17";
				CLANG_ENABLE_MODULES = YES;
				CLANG_ENABLE_OBJC_ARC = YES;
				CLANG_ENABLE_OBJC_WEAK = YES;
				CLANG_WARN_BLOCK_CAPTURE_AUTORELEASING = YES;
				CLANG_WARN_BOOL_CONVERSION = YES;
				CLANG_WARN_COMMA = YES;
				CLANG_WARN_CONSTANT_CONVERSION = YES;
				CLANG_WARN_DEPRECATED_OBJC_IMPLEMENTATIONS = YES;
				CLANG_WARN_DIRECT_OBJC_ISA_USAGE = YES_ERROR;
				CLANG_WARN_DOCUMENTATION_COMMENTS = YES;
				CLANG_WARN_EMPTY_BODY = YES;
				CLANG_WARN_ENUM_CONVERSION = YES;
				CLANG_WARN_INFINITE_RECURSION = YES;
				CLANG_WARN_INT_CONVERSION = YES;
				CLANG_WARN_NON_LITERAL_NULL_CONVERSION = YES;
				CLANG_WARN_OBJC_IMPLICIT_RETAIN_SELF = YES;
				CLANG_WARN_OBJC_LITERAL_CONVERSION = YES;
				CLANG_WARN_OBJC_ROOT_CLASS = YES_ERROR;
				CLANG_WARN_QUOTED_INCLUDE_IN_FRAMEWORK_HEADER = YES;
				CLANG_WARN_RANGE_LOOP_ANALYSIS = YES;
				CLANG_WARN_STRICT_PROTOTYPES = YES;
				CLANG_WARN_SUSPICIOUS_MOVE = YES;
				CLANG_WARN_UNGUARDED_AVAILABILITY = YES_AGGRESSIVE;
				CLANG_WARN_UNREACHABLE_CODE = YES;
				CLANG_WARN__DUPLICATE_METHOD_MATCH = YES;
				COPY_PHASE_STRIP = NO;
				DEBUG_INFORMATION_FORMAT = dwarf;
				ENABLE_STRICT_OBJC_MSGSEND = YES;
				ENABLE_TESTABILITY = YES;
				GCC_C_LANGUAGE_STANDARD = gnu11;
				GCC_DYNAMIC_NO_PIC = NO;
				GCC_NO_COMMON_BLOCKS = YES;
				GCC_OPTIMIZATION_LEVEL = 0;
				GCC_PREPROCESSOR_DEFINITIONS = (
					"DEBUG=1",
					"$(inherited)",
				);
				GCC_WARN_64_TO_32_BIT_CONVERSION = YES;
				GCC_WARN_ABOUT_RETURN_TYPE = YES_ERROR;
				GCC_WARN_UNDECLARED_SELECTOR = YES;
				GCC_WARN_UNINITIALIZED_AUTOS = YES_AGGRESSIVE;
				GCC_WARN_UNUSED_FUNCTION = YES;
				GCC_WARN_UNUSED_VARIABLE = YES;
				IPHONEOS_DEPLOYMENT_TARGET = 15.4;
				MTL_ENABLE_DEBUG_INFO = INCLUDE_SOURCE;
				MTL_FAST_MATH = YES;
				ONLY_ACTIVE_ARCH = YES;
				SDKROOT = iphoneos;
				SWIFT_ACTIVE_COMPILATION_CONDITIONS = DEBUG;
				SWIFT_OPTIMIZATION_LEVEL = "-Onone";
			};
			name = Debug;
		};
		5D23E636284421AD0003BAD3 /* Release */ = {
			isa = XCBuildConfiguration;
			buildSettings = {
				ALWAYS_SEARCH_USER_PATHS = NO;
				CLANG_ANALYZER_NONNULL = YES;
				CLANG_ANALYZER_NUMBER_OBJECT_CONVERSION = YES_AGGRESSIVE;
				CLANG_CXX_LANGUAGE_STANDARD = "gnu++17";
				CLANG_ENABLE_MODULES = YES;
				CLANG_ENABLE_OBJC_ARC = YES;
				CLANG_ENABLE_OBJC_WEAK = YES;
				CLANG_WARN_BLOCK_CAPTURE_AUTORELEASING = YES;
				CLANG_WARN_BOOL_CONVERSION = YES;
				CLANG_WARN_COMMA = YES;
				CLANG_WARN_CONSTANT_CONVERSION = YES;
				CLANG_WARN_DEPRECATED_OBJC_IMPLEMENTATIONS = YES;
				CLANG_WARN_DIRECT_OBJC_ISA_USAGE = YES_ERROR;
				CLANG_WARN_DOCUMENTATION_COMMENTS = YES;
				CLANG_WARN_EMPTY_BODY = YES;
				CLANG_WARN_ENUM_CONVERSION = YES;
				CLANG_WARN_INFINITE_RECURSION = YES;
				CLANG_WARN_INT_CONVERSION = YES;
				CLANG_WARN_NON_LITERAL_NULL_CONVERSION = YES;
				CLANG_WARN_OBJC_IMPLICIT_RETAIN_SELF = YES;
				CLANG_WARN_OBJC_LITERAL_CONVERSION = YES;
				CLANG_WARN_OBJC_ROOT_CLASS = YES_ERROR;
				CLANG_WARN_QUOTED_INCLUDE_IN_FRAMEWORK_HEADER = YES;
				CLANG_WARN_RANGE_LOOP_ANALYSIS = YES;
				CLANG_WARN_STRICT_PROTOTYPES = YES;
				CLANG_WARN_SUSPICIOUS_MOVE = YES;
				CLANG_WARN_UNGUARDED_AVAILABILITY = YES_AGGRESSIVE;
				CLANG_WARN_UNREACHABLE_CODE = YES;
				CLANG_WARN__DUPLICATE_METHOD_MATCH = YES;
				COPY_PHASE_STRIP = NO;
				DEBUG_INFORMATION_FORMAT = "dwarf-with-dsym";
				ENABLE_NS_ASSERTIONS = NO;
				ENABLE_STRICT_OBJC_MSGSEND = YES;
				GCC_C_LANGUAGE_STANDARD = gnu11;
				GCC_NO_COMMON_BLOCKS = YES;
				GCC_WARN_64_TO_32_BIT_CONVERSION = YES;
				GCC_WARN_ABOUT_RETURN_TYPE = YES_ERROR;
				GCC_WARN_UNDECLARED_SELECTOR = YES;
				GCC_WARN_UNINITIALIZED_AUTOS = YES_AGGRESSIVE;
				GCC_WARN_UNUSED_FUNCTION = YES;
				GCC_WARN_UNUSED_VARIABLE = YES;
				IPHONEOS_DEPLOYMENT_TARGET = 15.4;
				MTL_ENABLE_DEBUG_INFO = NO;
				MTL_FAST_MATH = YES;
				SDKROOT = iphoneos;
				SWIFT_COMPILATION_MODE = wholemodule;
				SWIFT_OPTIMIZATION_LEVEL = "-O";
				VALIDATE_PRODUCT = YES;
			};
			name = Release;
		};
		5D23E638284421AD0003BAD3 /* Debug */ = {
			isa = XCBuildConfiguration;
			buildSettings = {
				ASSETCATALOG_COMPILER_APPICON_NAME = AppIcon;
				ASSETCATALOG_COMPILER_GLOBAL_ACCENT_COLOR_NAME = AccentColor;
				CODE_SIGN_STYLE = Automatic;
				CURRENT_PROJECT_VERSION = 1;
				DEVELOPMENT_ASSET_PATHS = "\"VirtualTrainer/Preview Content\"";
				DEVELOPMENT_TEAM = 7KFHN9UQ5P;
				ENABLE_PREVIEWS = YES;
				GENERATE_INFOPLIST_FILE = YES;
				INFOPLIST_KEY_NSCameraUsageDescription = "";
				INFOPLIST_KEY_UIApplicationSupportsIndirectInputEvents = YES;
				INFOPLIST_KEY_UILaunchScreen_Generation = YES;
				INFOPLIST_KEY_UIRequiredDeviceCapabilities = arkit;
				INFOPLIST_KEY_UIStatusBarHidden = YES;
				INFOPLIST_KEY_UISupportedInterfaceOrientations_iPad = "UIInterfaceOrientationPortrait UIInterfaceOrientationPortraitUpsideDown UIInterfaceOrientationLandscapeLeft UIInterfaceOrientationLandscapeRight";
				INFOPLIST_KEY_UISupportedInterfaceOrientations_iPhone = "UIInterfaceOrientationPortrait UIInterfaceOrientationLandscapeLeft UIInterfaceOrientationLandscapeRight";
				LD_RUNPATH_SEARCH_PATHS = (
					"$(inherited)",
					"@executable_path/Frameworks",
				);
				MARKETING_VERSION = 1.0;
				PRODUCT_BUNDLE_IDENTIFIER = com.anastasiiaHolovash.VirtualTrainer;
				PRODUCT_NAME = "$(TARGET_NAME)";
				SWIFT_EMIT_LOC_STRINGS = YES;
				SWIFT_VERSION = 5.0;
				TARGETED_DEVICE_FAMILY = "1,2";
			};
			name = Debug;
		};
		5D23E639284421AD0003BAD3 /* Release */ = {
			isa = XCBuildConfiguration;
			buildSettings = {
				ASSETCATALOG_COMPILER_APPICON_NAME = AppIcon;
				ASSETCATALOG_COMPILER_GLOBAL_ACCENT_COLOR_NAME = AccentColor;
				CODE_SIGN_STYLE = Automatic;
				CURRENT_PROJECT_VERSION = 1;
				DEVELOPMENT_ASSET_PATHS = "\"VirtualTrainer/Preview Content\"";
				DEVELOPMENT_TEAM = 7KFHN9UQ5P;
				ENABLE_PREVIEWS = YES;
				GENERATE_INFOPLIST_FILE = YES;
				INFOPLIST_KEY_NSCameraUsageDescription = "";
				INFOPLIST_KEY_UIApplicationSupportsIndirectInputEvents = YES;
				INFOPLIST_KEY_UILaunchScreen_Generation = YES;
				INFOPLIST_KEY_UIRequiredDeviceCapabilities = arkit;
				INFOPLIST_KEY_UIStatusBarHidden = YES;
				INFOPLIST_KEY_UISupportedInterfaceOrientations_iPad = "UIInterfaceOrientationPortrait UIInterfaceOrientationPortraitUpsideDown UIInterfaceOrientationLandscapeLeft UIInterfaceOrientationLandscapeRight";
				INFOPLIST_KEY_UISupportedInterfaceOrientations_iPhone = "UIInterfaceOrientationPortrait UIInterfaceOrientationLandscapeLeft UIInterfaceOrientationLandscapeRight";
				LD_RUNPATH_SEARCH_PATHS = (
					"$(inherited)",
					"@executable_path/Frameworks",
				);
				MARKETING_VERSION = 1.0;
				PRODUCT_BUNDLE_IDENTIFIER = com.anastasiiaHolovash.VirtualTrainer;
				PRODUCT_NAME = "$(TARGET_NAME)";
				SWIFT_EMIT_LOC_STRINGS = YES;
				SWIFT_VERSION = 5.0;
				TARGETED_DEVICE_FAMILY = "1,2";
			};
			name = Release;
		};
/* End XCBuildConfiguration section */

/* Begin XCConfigurationList section */
		5D23E622284421AB0003BAD3 /* Build configuration list for PBXProject "VirtualTrainer" */ = {
			isa = XCConfigurationList;
			buildConfigurations = (
				5D23E635284421AD0003BAD3 /* Debug */,
				5D23E636284421AD0003BAD3 /* Release */,
			);
			defaultConfigurationIsVisible = 0;
			defaultConfigurationName = Release;
		};
		5D23E637284421AD0003BAD3 /* Build configuration list for PBXNativeTarget "VirtualTrainer" */ = {
			isa = XCConfigurationList;
			buildConfigurations = (
				5D23E638284421AD0003BAD3 /* Debug */,
				5D23E639284421AD0003BAD3 /* Release */,
			);
			defaultConfigurationIsVisible = 0;
			defaultConfigurationName = Release;
		};
/* End XCConfigurationList section */

/* Begin XCRemoteSwiftPackageReference section */
		5D23E699284EB7570003BAD3 /* XCRemoteSwiftPackageReference "firebase-ios-sdk" */ = {
			isa = XCRemoteSwiftPackageReference;
			repositoryURL = "https://github.com/firebase/firebase-ios-sdk.git";
			requirement = {
				kind = upToNextMajorVersion;
				minimumVersion = 9.1.0;
			};
		};
		5DF6562E28500AC20091C64E /* XCRemoteSwiftPackageReference "SDWebImageSwiftUI" */ = {
			isa = XCRemoteSwiftPackageReference;
			repositoryURL = "https://github.com/SDWebImage/SDWebImageSwiftUI";
			requirement = {
				kind = upToNextMajorVersion;
				minimumVersion = 2.0.0;
			};
		};
/* End XCRemoteSwiftPackageReference section */

/* Begin XCSwiftPackageProductDependency section */
		5D23E69A284EB7570003BAD3 /* FirebaseAnalyticsWithoutAdIdSupport */ = {
			isa = XCSwiftPackageProductDependency;
			package = 5D23E699284EB7570003BAD3 /* XCRemoteSwiftPackageReference "firebase-ios-sdk" */;
			productName = FirebaseAnalyticsWithoutAdIdSupport;
		};
		5D23E69C284EB7570003BAD3 /* FirebaseFirestoreCombine-Community */ = {
			isa = XCSwiftPackageProductDependency;
			package = 5D23E699284EB7570003BAD3 /* XCRemoteSwiftPackageReference "firebase-ios-sdk" */;
			productName = "FirebaseFirestoreCombine-Community";
		};
		5D23E69E284EB7570003BAD3 /* FirebaseStorageCombine-Community */ = {
			isa = XCSwiftPackageProductDependency;
			package = 5D23E699284EB7570003BAD3 /* XCRemoteSwiftPackageReference "firebase-ios-sdk" */;
			productName = "FirebaseStorageCombine-Community";
		};
		5DF6562F28500AC20091C64E /* SDWebImageSwiftUI */ = {
			isa = XCSwiftPackageProductDependency;
			package = 5DF6562E28500AC20091C64E /* XCRemoteSwiftPackageReference "SDWebImageSwiftUI" */;
			productName = SDWebImageSwiftUI;
		};
/* End XCSwiftPackageProductDependency section */
	};
	rootObject = 5D23E61F284421AB0003BAD3 /* Project object */;
}
